
Microsoft Visual Studio Solution File, Format Version 12.00
# Visual Studio Version 17
VisualStudioVersion = 17.9.34616.47
MinimumVisualStudioVersion = 10.0.40219.1
Project("{2150E333-8FDC-42A3-9474-1A3956D46DE8}") = "Services", "Services", "{6216235D-5C8E-45C8-BA00-D52681415672}"
EndProject
Project("{2150E333-8FDC-42A3-9474-1A3956D46DE8}") = "Catalog", "Catalog", "{AC2FE5BE-DFC1-4FAA-899A-65AFC58FC6AA}"
EndProject
Project("{9A19103F-16F7-4668-BE54-9A1E7A4F7556}") = "MultiShopCatalog", "Services\Catalog\MultiShopCatalog\MultiShopCatalog.csproj", "{2A795160-192E-4ACC-A218-E58DDEE46851}"
EndProject
Project("{2150E333-8FDC-42A3-9474-1A3956D46DE8}") = "Discount", "Discount", "{6EA057E0-60F5-45BB-925F-255B5F2E60F1}"
EndProject
Project("{9A19103F-16F7-4668-BE54-9A1E7A4F7556}") = "MultiShopDiscount", "Services\Discount\MultiShopDiscount\MultiShopDiscount.csproj", "{07971F87-1350-4C26-A3C9-6EF028B6F052}"
EndProject
Project("{2150E333-8FDC-42A3-9474-1A3956D46DE8}") = "Order", "Order", "{AD1179FB-33F5-487F-8EE8-67823E1E7938}"
EndProject
Project("{2150E333-8FDC-42A3-9474-1A3956D46DE8}") = "Core", "Core", "{A3E2CDDC-97FC-4E9A-81FE-F6C579397322}"
EndProject
Project("{2150E333-8FDC-42A3-9474-1A3956D46DE8}") = "Infrastructure", "Infrastructure", "{ED2F368B-3B65-4836-8EFF-38570BCC4F48}"
EndProject
Project("{2150E333-8FDC-42A3-9474-1A3956D46DE8}") = "Presentation", "Presentation", "{E51A8F9D-331E-49B2-916A-879AEBAB2849}"
EndProject
Project("{9A19103F-16F7-4668-BE54-9A1E7A4F7556}") = "MultiShop.Order.Domain", "Services\Order\Core\MultiShop.Order.Domain\MultiShop.Order.Domain.csproj", "{7A454223-5928-4203-94C4-18E4D63586A9}"
EndProject
Project("{9A19103F-16F7-4668-BE54-9A1E7A4F7556}") = "MultiShop.Order.Application", "Services\Order\Core\MultiShop.Order.Application\MultiShop.Order.Application.csproj", "{098BCFBE-F3F0-40AA-898D-71DFF94247F5}"
EndProject
Project("{9A19103F-16F7-4668-BE54-9A1E7A4F7556}") = "MultiShop.Order.Persistence", "Services\Order\Infrastructure\MultiShop.Order.Persistence\MultiShop.Order.Persistence.csproj", "{0CC8C640-BDBC-4A36-AACB-9D47BB7DCB9E}"
EndProject
Project("{9A19103F-16F7-4668-BE54-9A1E7A4F7556}") = "MultiShop.Order.WebApi", "Services\Order\Presentation\MultiShop.Order.WebApii\MultiShop.Order.WebApi.csproj", "{F5E58124-3E88-421A-9110-79A338B15A04}"
EndProject
Project("{2150E333-8FDC-42A3-9474-1A3956D46DE8}") = "IdentityServer", "IdentityServer", "{2E7C3F8D-6BEF-4854-BA4D-6D594E64B002}"
EndProject
Project("{9A19103F-16F7-4668-BE54-9A1E7A4F7556}") = "MultiShop.IdentityServer", "IdentityServer\MultiShop.IdentityServer\MultiShop.IdentityServer.csproj", "{055C39B3-30DE-41A6-BB1A-42FE273E7E9A}"
EndProject
Project("{2150E333-8FDC-42A3-9474-1A3956D46DE8}") = "Cargo", "Cargo", "{0CEDF2F5-1733-4456-90E7-D56426A652C5}"
EndProject
Project("{9A19103F-16F7-4668-BE54-9A1E7A4F7556}") = "MultiShop.Cargo.EntityLayer", "Services\Cargo\MultiShop.Cargo.EntityLayer\MultiShop.Cargo.EntityLayer.csproj", "{60F15363-2F58-4A74-861F-6B13149D875F}"
EndProject
Project("{9A19103F-16F7-4668-BE54-9A1E7A4F7556}") = "MultiShop.Cargo.BusinessLayer", "Services\Cargo\MultiShop.Cargo.BusinessLayer\MultiShop.Cargo.BusinessLayer.csproj", "{1DFEA1CE-CFA9-4EC7-8C37-3162B78C4945}"
EndProject
Project("{9A19103F-16F7-4668-BE54-9A1E7A4F7556}") = "MultiShop.Cargo.DataAccessLayer", "Services\Cargo\MultiShop.Cargo.DataAccessLayer\MultiShop.Cargo.DataAccessLayer.csproj", "{2A5E78CA-768A-4AA2-B066-6D9BDE760A5A}"
EndProject
Project("{9A19103F-16F7-4668-BE54-9A1E7A4F7556}") = "MultiShop.Cargo.DtoLayer", "Services\Cargo\MultiShop.Cargo.DtoLayer\MultiShop.Cargo.DtoLayer.csproj", "{D1D32668-2D4E-46EB-81DA-957BA49790A5}"
EndProject
Project("{9A19103F-16F7-4668-BE54-9A1E7A4F7556}") = "MultiShop.Cargo.WebApi", "Services\Cargo\MultiShop.Cargo.WebApi\MultiShop.Cargo.WebApi.csproj", "{CE240381-6B1F-47E0-B7C6-F6A2B922597E}"
EndProject
Project("{2150E333-8FDC-42A3-9474-1A3956D46DE8}") = "Basket", "Basket", "{62F3FA47-B507-428D-BFCE-D4E603284091}"
EndProject
Project("{9A19103F-16F7-4668-BE54-9A1E7A4F7556}") = "MultiShop.Basket", "Services\Basket\MultiShop.Basket\MultiShop.Basket.csproj", "{6B461F7D-DD3C-42AE-860D-91CB6C7C8E27}"
EndProject
Project("{2150E333-8FDC-42A3-9474-1A3956D46DE8}") = "Frontends", "Frontends", "{FD93DA68-592C-4E67-A00A-65FF70B1E488}"
EndProject
Project("{9A19103F-16F7-4668-BE54-9A1E7A4F7556}") = "MultiShop.WebUI", "Frontends\MultiShop.WebUI\MultiShop.WebUI.csproj", "{56F98C1B-EE9D-4995-80E7-4A9F0FE106C6}"
EndProject
Project("{9A19103F-16F7-4668-BE54-9A1E7A4F7556}") = "MultiShop.DtoLayer", "MultiShop.DtoLayer\MultiShop.DtoLayer.csproj", "{40857A9F-590D-42C8-8C69-996F87803B00}"
EndProject
Project("{2150E333-8FDC-42A3-9474-1A3956D46DE8}") = "Comment", "Comment", "{FE2C40D1-2BEE-4172-8C59-0ADFED463B60}"
EndProject
Project("{9A19103F-16F7-4668-BE54-9A1E7A4F7556}") = "MultiShopComment", "Services\Comment\MultiShopComment\MultiShopComment.csproj", "{A12CDFB8-8106-4277-AC6C-8737F05411D9}"
EndProject
Project("{2150E333-8FDC-42A3-9474-1A3956D46DE8}") = "Requirements", "Requirements", "{F28A88AB-158F-4322-BD4F-D61937934D41}"
	ProjectSection(SolutionItems) = preProject
		UserExample.txt = UserExample.txt
	EndProjectSection
EndProject
Project("{2150E333-8FDC-42A3-9474-1A3956D46DE8}") = "ApiGateway", "ApiGateway", "{3215C808-59DA-46CF-919E-F1DD967A48E6}"
EndProject
Project("{2150E333-8FDC-42A3-9474-1A3956D46DE8}") = "RapidApi", "RapidApi", "{CC3D2A30-C0C9-4362-97BC-04894F8D3365}"
EndProject
Project("{9A19103F-16F7-4668-BE54-9A1E7A4F7556}") = "MultiShop.OcelotGateway", "ApiGateway\MultiShop.OcelotGateway\MultiShop.OcelotGateway.csproj", "{7C00579A-EB25-4FE8-A950-71A31598BDBD}"
EndProject
Project("{2150E333-8FDC-42A3-9474-1A3956D46DE8}") = "Payment", "Payment", "{7E514B2D-586D-408D-97CB-20E2969DE2E0}"
EndProject
Project("{9A19103F-16F7-4668-BE54-9A1E7A4F7556}") = "MultiShop.Payment", "Services\Payment\MultiShop.Payment\MultiShop.Payment.csproj", "{C3EFB902-3DA0-468E-9AF3-76B52C214DF5}"
EndProject
Project("{2150E333-8FDC-42A3-9474-1A3956D46DE8}") = "Images", "Images", "{DE29821B-4467-419E-BB37-42B2EDABCEC7}"
EndProject
Project("{9A19103F-16F7-4668-BE54-9A1E7A4F7556}") = "MultiShop.Images", "Services\Images\MultiShop.Images\MultiShop.Images.csproj", "{8715AFCC-47E0-4CA4-AF82-554E555E970D}"
EndProject
Project("{2150E333-8FDC-42A3-9474-1A3956D46DE8}") = "Message", "Message", "{A334DFCA-ACA1-42F4-A2E8-8099CAC20BED}"
EndProject
Project("{9A19103F-16F7-4668-BE54-9A1E7A4F7556}") = "MultiShop.Message", "Services\Message\MultiShop.Message\MultiShop.Message.csproj", "{ADB84A68-B7DF-41B2-9709-ED48713C1982}"
EndProject
Project("{9A19103F-16F7-4668-BE54-9A1E7A4F7556}") = "MultiShop.Images.WebUI", "Services\Images\MultiShop.Images.WebUI\MultiShop.Images.WebUI.csproj", "{213D3FC4-4968-4DF4-B604-61BA81406DDF}"
EndProject
Project("{2150E333-8FDC-42A3-9474-1A3956D46DE8}") = "RabbitMQMessage", "RabbitMQMessage", "{3AB4BE23-41FC-4A62-9532-DF9F0FD2E8F9}"
EndProject
Project("{FAE04EC0-301F-11D3-BF4B-00C04F79EFBC}") = "MultiShop.RabbitMQMessageApi", "RabbitMQMessage\MultiShop.RabbitMQMessageApi\MultiShop.RabbitMQMessageApi.csproj", "{4577D44F-E1BF-41E5-AB31-C14BCDCF0DC4}"
EndProject
Global
	GlobalSection(SolutionConfigurationPlatforms) = preSolution
		Debug|Any CPU = Debug|Any CPU
		Release|Any CPU = Release|Any CPU
	EndGlobalSection
	GlobalSection(ProjectConfigurationPlatforms) = postSolution
		{2A795160-192E-4ACC-A218-E58DDEE46851}.Debug|Any CPU.ActiveCfg = Debug|Any CPU
		{2A795160-192E-4ACC-A218-E58DDEE46851}.Debug|Any CPU.Build.0 = Debug|Any CPU
		{2A795160-192E-4ACC-A218-E58DDEE46851}.Release|Any CPU.ActiveCfg = Release|Any CPU
		{2A795160-192E-4ACC-A218-E58DDEE46851}.Release|Any CPU.Build.0 = Release|Any CPU
		{07971F87-1350-4C26-A3C9-6EF028B6F052}.Debug|Any CPU.ActiveCfg = Debug|Any CPU
		{07971F87-1350-4C26-A3C9-6EF028B6F052}.Debug|Any CPU.Build.0 = Debug|Any CPU
		{07971F87-1350-4C26-A3C9-6EF028B6F052}.Release|Any CPU.ActiveCfg = Release|Any CPU
		{07971F87-1350-4C26-A3C9-6EF028B6F052}.Release|Any CPU.Build.0 = Release|Any CPU
		{7A454223-5928-4203-94C4-18E4D63586A9}.Debug|Any CPU.ActiveCfg = Debug|Any CPU
		{7A454223-5928-4203-94C4-18E4D63586A9}.Debug|Any CPU.Build.0 = Debug|Any CPU
		{7A454223-5928-4203-94C4-18E4D63586A9}.Release|Any CPU.ActiveCfg = Release|Any CPU
		{7A454223-5928-4203-94C4-18E4D63586A9}.Release|Any CPU.Build.0 = Release|Any CPU
		{098BCFBE-F3F0-40AA-898D-71DFF94247F5}.Debug|Any CPU.ActiveCfg = Debug|Any CPU
		{098BCFBE-F3F0-40AA-898D-71DFF94247F5}.Debug|Any CPU.Build.0 = Debug|Any CPU
		{098BCFBE-F3F0-40AA-898D-71DFF94247F5}.Release|Any CPU.ActiveCfg = Release|Any CPU
		{098BCFBE-F3F0-40AA-898D-71DFF94247F5}.Release|Any CPU.Build.0 = Release|Any CPU
		{0CC8C640-BDBC-4A36-AACB-9D47BB7DCB9E}.Debug|Any CPU.ActiveCfg = Debug|Any CPU
		{0CC8C640-BDBC-4A36-AACB-9D47BB7DCB9E}.Debug|Any CPU.Build.0 = Debug|Any CPU
		{0CC8C640-BDBC-4A36-AACB-9D47BB7DCB9E}.Release|Any CPU.ActiveCfg = Release|Any CPU
		{0CC8C640-BDBC-4A36-AACB-9D47BB7DCB9E}.Release|Any CPU.Build.0 = Release|Any CPU
		{F5E58124-3E88-421A-9110-79A338B15A04}.Debug|Any CPU.ActiveCfg = Debug|Any CPU
		{F5E58124-3E88-421A-9110-79A338B15A04}.Debug|Any CPU.Build.0 = Debug|Any CPU
		{F5E58124-3E88-421A-9110-79A338B15A04}.Release|Any CPU.ActiveCfg = Release|Any CPU
		{F5E58124-3E88-421A-9110-79A338B15A04}.Release|Any CPU.Build.0 = Release|Any CPU
		{055C39B3-30DE-41A6-BB1A-42FE273E7E9A}.Debug|Any CPU.ActiveCfg = Debug|Any CPU
		{055C39B3-30DE-41A6-BB1A-42FE273E7E9A}.Debug|Any CPU.Build.0 = Debug|Any CPU
		{055C39B3-30DE-41A6-BB1A-42FE273E7E9A}.Release|Any CPU.ActiveCfg = Release|Any CPU
		{055C39B3-30DE-41A6-BB1A-42FE273E7E9A}.Release|Any CPU.Build.0 = Release|Any CPU
		{60F15363-2F58-4A74-861F-6B13149D875F}.Debug|Any CPU.ActiveCfg = Debug|Any CPU
		{60F15363-2F58-4A74-861F-6B13149D875F}.Debug|Any CPU.Build.0 = Debug|Any CPU
		{60F15363-2F58-4A74-861F-6B13149D875F}.Release|Any CPU.ActiveCfg = Release|Any CPU
		{60F15363-2F58-4A74-861F-6B13149D875F}.Release|Any CPU.Build.0 = Release|Any CPU
		{1DFEA1CE-CFA9-4EC7-8C37-3162B78C4945}.Debug|Any CPU.ActiveCfg = Debug|Any CPU
		{1DFEA1CE-CFA9-4EC7-8C37-3162B78C4945}.Debug|Any CPU.Build.0 = Debug|Any CPU
		{1DFEA1CE-CFA9-4EC7-8C37-3162B78C4945}.Release|Any CPU.ActiveCfg = Release|Any CPU
		{1DFEA1CE-CFA9-4EC7-8C37-3162B78C4945}.Release|Any CPU.Build.0 = Release|Any CPU
		{2A5E78CA-768A-4AA2-B066-6D9BDE760A5A}.Debug|Any CPU.ActiveCfg = Debug|Any CPU
		{2A5E78CA-768A-4AA2-B066-6D9BDE760A5A}.Debug|Any CPU.Build.0 = Debug|Any CPU
		{2A5E78CA-768A-4AA2-B066-6D9BDE760A5A}.Release|Any CPU.ActiveCfg = Release|Any CPU
		{2A5E78CA-768A-4AA2-B066-6D9BDE760A5A}.Release|Any CPU.Build.0 = Release|Any CPU
		{D1D32668-2D4E-46EB-81DA-957BA49790A5}.Debug|Any CPU.ActiveCfg = Debug|Any CPU
		{D1D32668-2D4E-46EB-81DA-957BA49790A5}.Debug|Any CPU.Build.0 = Debug|Any CPU
		{D1D32668-2D4E-46EB-81DA-957BA49790A5}.Release|Any CPU.ActiveCfg = Release|Any CPU
		{D1D32668-2D4E-46EB-81DA-957BA49790A5}.Release|Any CPU.Build.0 = Release|Any CPU
		{CE240381-6B1F-47E0-B7C6-F6A2B922597E}.Debug|Any CPU.ActiveCfg = Debug|Any CPU
		{CE240381-6B1F-47E0-B7C6-F6A2B922597E}.Debug|Any CPU.Build.0 = Debug|Any CPU
		{CE240381-6B1F-47E0-B7C6-F6A2B922597E}.Release|Any CPU.ActiveCfg = Release|Any CPU
		{CE240381-6B1F-47E0-B7C6-F6A2B922597E}.Release|Any CPU.Build.0 = Release|Any CPU
		{6B461F7D-DD3C-42AE-860D-91CB6C7C8E27}.Debug|Any CPU.ActiveCfg = Debug|Any CPU
		{6B461F7D-DD3C-42AE-860D-91CB6C7C8E27}.Debug|Any CPU.Build.0 = Debug|Any CPU
		{6B461F7D-DD3C-42AE-860D-91CB6C7C8E27}.Release|Any CPU.ActiveCfg = Release|Any CPU
		{6B461F7D-DD3C-42AE-860D-91CB6C7C8E27}.Release|Any CPU.Build.0 = Release|Any CPU
		{56F98C1B-EE9D-4995-80E7-4A9F0FE106C6}.Debug|Any CPU.ActiveCfg = Debug|Any CPU
		{56F98C1B-EE9D-4995-80E7-4A9F0FE106C6}.Debug|Any CPU.Build.0 = Debug|Any CPU
		{56F98C1B-EE9D-4995-80E7-4A9F0FE106C6}.Release|Any CPU.ActiveCfg = Release|Any CPU
		{56F98C1B-EE9D-4995-80E7-4A9F0FE106C6}.Release|Any CPU.Build.0 = Release|Any CPU
		{40857A9F-590D-42C8-8C69-996F87803B00}.Debug|Any CPU.ActiveCfg = Debug|Any CPU
		{40857A9F-590D-42C8-8C69-996F87803B00}.Debug|Any CPU.Build.0 = Debug|Any CPU
		{40857A9F-590D-42C8-8C69-996F87803B00}.Release|Any CPU.ActiveCfg = Release|Any CPU
		{40857A9F-590D-42C8-8C69-996F87803B00}.Release|Any CPU.Build.0 = Release|Any CPU
		{A12CDFB8-8106-4277-AC6C-8737F05411D9}.Debug|Any CPU.ActiveCfg = Debug|Any CPU
		{A12CDFB8-8106-4277-AC6C-8737F05411D9}.Debug|Any CPU.Build.0 = Debug|Any CPU
		{A12CDFB8-8106-4277-AC6C-8737F05411D9}.Release|Any CPU.ActiveCfg = Release|Any CPU
		{A12CDFB8-8106-4277-AC6C-8737F05411D9}.Release|Any CPU.Build.0 = Release|Any CPU
		{7C00579A-EB25-4FE8-A950-71A31598BDBD}.Debug|Any CPU.ActiveCfg = Debug|Any CPU
		{7C00579A-EB25-4FE8-A950-71A31598BDBD}.Debug|Any CPU.Build.0 = Debug|Any CPU
		{7C00579A-EB25-4FE8-A950-71A31598BDBD}.Release|Any CPU.ActiveCfg = Release|Any CPU
		{7C00579A-EB25-4FE8-A950-71A31598BDBD}.Release|Any CPU.Build.0 = Release|Any CPU
		{C3EFB902-3DA0-468E-9AF3-76B52C214DF5}.Debug|Any CPU.ActiveCfg = Debug|Any CPU
		{C3EFB902-3DA0-468E-9AF3-76B52C214DF5}.Debug|Any CPU.Build.0 = Debug|Any CPU
		{C3EFB902-3DA0-468E-9AF3-76B52C214DF5}.Release|Any CPU.ActiveCfg = Release|Any CPU
		{C3EFB902-3DA0-468E-9AF3-76B52C214DF5}.Release|Any CPU.Build.0 = Release|Any CPU
		{8715AFCC-47E0-4CA4-AF82-554E555E970D}.Debug|Any CPU.ActiveCfg = Debug|Any CPU
		{8715AFCC-47E0-4CA4-AF82-554E555E970D}.Debug|Any CPU.Build.0 = Debug|Any CPU
		{8715AFCC-47E0-4CA4-AF82-554E555E970D}.Release|Any CPU.ActiveCfg = Release|Any CPU
		{8715AFCC-47E0-4CA4-AF82-554E555E970D}.Release|Any CPU.Build.0 = Release|Any CPU
		{ADB84A68-B7DF-41B2-9709-ED48713C1982}.Debug|Any CPU.ActiveCfg = Debug|Any CPU
		{ADB84A68-B7DF-41B2-9709-ED48713C1982}.Debug|Any CPU.Build.0 = Debug|Any CPU
		{ADB84A68-B7DF-41B2-9709-ED48713C1982}.Release|Any CPU.ActiveCfg = Release|Any CPU
		{ADB84A68-B7DF-41B2-9709-ED48713C1982}.Release|Any CPU.Build.0 = Release|Any CPU
		{213D3FC4-4968-4DF4-B604-61BA81406DDF}.Debug|Any CPU.ActiveCfg = Debug|Any CPU
		{213D3FC4-4968-4DF4-B604-61BA81406DDF}.Debug|Any CPU.Build.0 = Debug|Any CPU
		{213D3FC4-4968-4DF4-B604-61BA81406DDF}.Release|Any CPU.ActiveCfg = Release|Any CPU
		{213D3FC4-4968-4DF4-B604-61BA81406DDF}.Release|Any CPU.Build.0 = Release|Any CPU
		{4577D44F-E1BF-41E5-AB31-C14BCDCF0DC4}.Debug|Any CPU.ActiveCfg = Debug|Any CPU
		{4577D44F-E1BF-41E5-AB31-C14BCDCF0DC4}.Debug|Any CPU.Build.0 = Debug|Any CPU
		{4577D44F-E1BF-41E5-AB31-C14BCDCF0DC4}.Release|Any CPU.ActiveCfg = Release|Any CPU
		{4577D44F-E1BF-41E5-AB31-C14BCDCF0DC4}.Release|Any CPU.Build.0 = Release|Any CPU
	EndGlobalSection
	GlobalSection(SolutionProperties) = preSolution
		HideSolutionNode = FALSE
	EndGlobalSection
	GlobalSection(NestedProjects) = preSolution
		{AC2FE5BE-DFC1-4FAA-899A-65AFC58FC6AA} = {6216235D-5C8E-45C8-BA00-D52681415672}
		{2A795160-192E-4ACC-A218-E58DDEE46851} = {AC2FE5BE-DFC1-4FAA-899A-65AFC58FC6AA}
		{6EA057E0-60F5-45BB-925F-255B5F2E60F1} = {6216235D-5C8E-45C8-BA00-D52681415672}
		{07971F87-1350-4C26-A3C9-6EF028B6F052} = {6EA057E0-60F5-45BB-925F-255B5F2E60F1}
		{AD1179FB-33F5-487F-8EE8-67823E1E7938} = {6216235D-5C8E-45C8-BA00-D52681415672}
		{A3E2CDDC-97FC-4E9A-81FE-F6C579397322} = {AD1179FB-33F5-487F-8EE8-67823E1E7938}
		{ED2F368B-3B65-4836-8EFF-38570BCC4F48} = {AD1179FB-33F5-487F-8EE8-67823E1E7938}
		{E51A8F9D-331E-49B2-916A-879AEBAB2849} = {AD1179FB-33F5-487F-8EE8-67823E1E7938}
		{7A454223-5928-4203-94C4-18E4D63586A9} = {A3E2CDDC-97FC-4E9A-81FE-F6C579397322}
		{098BCFBE-F3F0-40AA-898D-71DFF94247F5} = {A3E2CDDC-97FC-4E9A-81FE-F6C579397322}
		{0CC8C640-BDBC-4A36-AACB-9D47BB7DCB9E} = {ED2F368B-3B65-4836-8EFF-38570BCC4F48}
		{F5E58124-3E88-421A-9110-79A338B15A04} = {E51A8F9D-331E-49B2-916A-879AEBAB2849}
		{055C39B3-30DE-41A6-BB1A-42FE273E7E9A} = {2E7C3F8D-6BEF-4854-BA4D-6D594E64B002}
		{0CEDF2F5-1733-4456-90E7-D56426A652C5} = {6216235D-5C8E-45C8-BA00-D52681415672}
		{60F15363-2F58-4A74-861F-6B13149D875F} = {0CEDF2F5-1733-4456-90E7-D56426A652C5}
		{1DFEA1CE-CFA9-4EC7-8C37-3162B78C4945} = {0CEDF2F5-1733-4456-90E7-D56426A652C5}
		{2A5E78CA-768A-4AA2-B066-6D9BDE760A5A} = {0CEDF2F5-1733-4456-90E7-D56426A652C5}
		{D1D32668-2D4E-46EB-81DA-957BA49790A5} = {0CEDF2F5-1733-4456-90E7-D56426A652C5}
		{CE240381-6B1F-47E0-B7C6-F6A2B922597E} = {0CEDF2F5-1733-4456-90E7-D56426A652C5}
		{62F3FA47-B507-428D-BFCE-D4E603284091} = {6216235D-5C8E-45C8-BA00-D52681415672}
		{6B461F7D-DD3C-42AE-860D-91CB6C7C8E27} = {62F3FA47-B507-428D-BFCE-D4E603284091}
		{56F98C1B-EE9D-4995-80E7-4A9F0FE106C6} = {FD93DA68-592C-4E67-A00A-65FF70B1E488}
		{40857A9F-590D-42C8-8C69-996F87803B00} = {FD93DA68-592C-4E67-A00A-65FF70B1E488}
		{FE2C40D1-2BEE-4172-8C59-0ADFED463B60} = {6216235D-5C8E-45C8-BA00-D52681415672}
		{A12CDFB8-8106-4277-AC6C-8737F05411D9} = {FE2C40D1-2BEE-4172-8C59-0ADFED463B60}
		{7C00579A-EB25-4FE8-A950-71A31598BDBD} = {3215C808-59DA-46CF-919E-F1DD967A48E6}
		{7E514B2D-586D-408D-97CB-20E2969DE2E0} = {6216235D-5C8E-45C8-BA00-D52681415672}
		{C3EFB902-3DA0-468E-9AF3-76B52C214DF5} = {7E514B2D-586D-408D-97CB-20E2969DE2E0}
		{DE29821B-4467-419E-BB37-42B2EDABCEC7} = {6216235D-5C8E-45C8-BA00-D52681415672}
		{8715AFCC-47E0-4CA4-AF82-554E555E970D} = {DE29821B-4467-419E-BB37-42B2EDABCEC7}
		{A334DFCA-ACA1-42F4-A2E8-8099CAC20BED} = {6216235D-5C8E-45C8-BA00-D52681415672}
		{ADB84A68-B7DF-41B2-9709-ED48713C1982} = {A334DFCA-ACA1-42F4-A2E8-8099CAC20BED}
		{213D3FC4-4968-4DF4-B604-61BA81406DDF} = {DE29821B-4467-419E-BB37-42B2EDABCEC7}
		{3AB4BE23-41FC-4A62-9532-DF9F0FD2E8F9} = {6216235D-5C8E-45C8-BA00-D52681415672}
		{4577D44F-E1BF-41E5-AB31-C14BCDCF0DC4} = {3AB4BE23-41FC-4A62-9532-DF9F0FD2E8F9}
	EndGlobalSection
	GlobalSection(ExtensibilityGlobals) = postSolution
		SolutionGuid = {AA0B41F1-BE31-4BA8-9F77-41EBC81EBAC8}
	EndGlobalSection
EndGlobal
